{
  "sources": {
    "yum": {
      "locked_version": "2.4.4"
    },
    "yum-epel": {
      "locked_version": "0.3.4"
    },
    "nginx": {
      "locked_version": "2.0.4"
    },
    "mysql": {
      "locked_version": "4.0.6"
    },
    "git": {
      "locked_version": "2.9.0"
    },
    "nodejs": {
      "locked_version": "1.3.0",
      "git": "https://github.com/mdxp/nodejs-cookbook.git",
      "ref": "e2415cd8c4e03dccf21d7ef6ca31e1c5c81467ca"
    },
    "rbenv-ruby": {
      "path": "./site-cookbooks/rbenv-ruby"
    },
    "apt": {
      "locked_version": "2.3.8"
    },
    "bluepill": {
      "locked_version": "2.3.1"
    },
    "rsyslog": {
      "locked_version": "1.12.2"
    },
    "build-essential": {
      "locked_version": "1.4.4"
    },
    "ohai": {
      "locked_version": "1.1.12"
    },
    "runit": {
      "locked_version": "1.5.8"
    },
    "openssl": {
      "locked_version": "1.1.0"
    },
    "dmg": {
      "locked_version": "2.2.0"
    },
    "windows": {
      "locked_version": "1.30.0"
    },
    "chef_handler": {
      "locked_version": "1.1.5"
    }
  }
}
